github.com/lib/pq v1.10.5 h1:J+gdV2cUmX7ZqL2B0lFcW0m+egaHC2V3lpO8nWxyYiQ=
github.com/lib/pq v1.10.5/go.mod h1:AlVN5x4E4T544tWzH6hKfbfQvm3HdbOxrmggDNAPY9o=
tailscale.com v1.24.2 h1:xNqEMKLHjqKwKUlggL2QEt1B+oit08w3SwZEIWCmqTg=
tailscale.com v1.24.2/go.mod h1:/z/lF98LSt9CjpwVT6pHh5Vwb1NGsM5/ACI4cLMJfvY=
